
Microsoft Visual Studio Solution File, Format Version 12.00
# Visual Studio Version 17
VisualStudioVersion = 17.3.32804.467
MinimumVisualStudioVersion = 10.0.40219.1
Project("{FAE04EC0-301F-11D3-BF4B-00C04F79EFBC}") = "2_ADO.Net Project", "2_ADO.Net Project.csproj", "{6E77B9B4-16EE-43C7-BDF8-15627F8C185B}"
EndProject
Global
	GlobalSection(SolutionConfigurationPlatforms) = preSolution
		Debug|Any CPU = Debug|Any CPU
		Release|Any CPU = Release|Any CPU
	EndGlobalSection
	GlobalSection(ProjectConfigurationPlatforms) = postSolution
		{6E77B9B4-16EE-43C7-BDF8-15627F8C185B}.Debug|Any CPU.ActiveCfg = Debug|Any CPU
		{6E77B9B4-16EE-43C7-BDF8-15627F8C185B}.Debug|Any CPU.Build.0 = Debug|Any CPU
		{6E77B9B4-16EE-43C7-BDF8-15627F8C185B}.Release|Any CPU.ActiveCfg = Release|Any CPU
		{6E77B9B4-16EE-43C7-BDF8-15627F8C185B}.Release|Any CPU.Build.0 = Release|Any CPU
	EndGlobalSection
	GlobalSection(SolutionProperties) = preSolution
		HideSolutionNode = FALSE
	EndGlobalSection
	GlobalSection(ExtensibilityGlobals) = postSolution
		SolutionGuid = {37410E8F-55BD-4D0C-B620-51831A85E5B8}
	EndGlobalSection
EndGlobal
